
Microsoft Visual Studio Solution File, Format Version 12.00
# Visual Studio Version 17
VisualStudioVersion = 17.2.32630.192
MinimumVisualStudioVersion = 10.0.40219.1
Project("{FAE04EC0-301F-11D3-BF4B-00C04F79EFBC}") = "Berry.Serialization", "Berry.Serialization.csproj", "{EF8F012D-C2B3-444C-951F-F95950FF325D}"
EndProject
Global
	GlobalSection(SolutionConfigurationPlatforms) = preSolution
		Debug|Any CPU = Debug|Any CPU
		Release|Any CPU = Release|Any CPU
	EndGlobalSection
	GlobalSection(ProjectConfigurationPlatforms) = postSolution
		{EF8F012D-C2B3-444C-951F-F95950FF325D}.Debug|Any CPU.ActiveCfg = Debug|Any CPU
		{EF8F012D-C2B3-444C-951F-F95950FF325D}.Debug|Any CPU.Build.0 = Debug|Any CPU
		{EF8F012D-C2B3-444C-951F-F95950FF325D}.Release|Any CPU.ActiveCfg = Release|Any CPU
		{EF8F012D-C2B3-444C-951F-F95950FF325D}.Release|Any CPU.Build.0 = Release|Any CPU
	EndGlobalSection
	GlobalSection(SolutionProperties) = preSolution
		HideSolutionNode = FALSE
	EndGlobalSection
	GlobalSection(ExtensibilityGlobals) = postSolution
		SolutionGuid = {3F4FF992-EA80-44CA-87D6-ACDD60C2518E}
	EndGlobalSection
EndGlobal
